
Microsoft Visual Studio Solution File, Format Version 12.00
# Visual Studio Version 16
VisualStudioVersion = 16.0.29613.14
MinimumVisualStudioVersion = 10.0.40219.1
Project("{FAE04EC0-301F-11D3-BF4B-00C04F79EFBC}") = "Api1", "Api1.csproj", "{EF259F4E-04AA-4D2C-9B40-02ACA8B0169D}"
EndProject
Global
	GlobalSection(SolutionConfigurationPlatforms) = preSolution
		Debug|Any CPU = Debug|Any CPU
		Release|Any CPU = Release|Any CPU
	EndGlobalSection
	GlobalSection(ProjectConfigurationPlatforms) = postSolution
		{EF259F4E-04AA-4D2C-9B40-02ACA8B0169D}.Debug|Any CPU.ActiveCfg = Debug|Any CPU
		{EF259F4E-04AA-4D2C-9B40-02ACA8B0169D}.Debug|Any CPU.Build.0 = Debug|Any CPU
		{EF259F4E-04AA-4D2C-9B40-02ACA8B0169D}.Release|Any CPU.ActiveCfg = Release|Any CPU
		{EF259F4E-04AA-4D2C-9B40-02ACA8B0169D}.Release|Any CPU.Build.0 = Release|Any CPU
	EndGlobalSection
	GlobalSection(SolutionProperties) = preSolution
		HideSolutionNode = FALSE
	EndGlobalSection
	GlobalSection(ExtensibilityGlobals) = postSolution
		SolutionGuid = {DE3326AB-C61B-498C-85CA-C922E240E164}
	EndGlobalSection
EndGlobal
